// !$*UTF8*$!
{
	archiveVersion = 1;
	classes = {
	};
	objectVersion = 46;
	objects = {

/* Begin PBXBuildFile section */
		6E65D2721A3295AF00FEB0B5 /* main.m in Sources */ = {isa = PBXBuildFile; fileRef = 6E65D2711A3295AF00FEB0B5 /* main.m */; };
/* End PBXBuildFile section */

/* Begin PBXContainerItemProxy section */
		6E65D27D1A32965300FEB0B5 /* PBXContainerItemProxy */ = {
			isa = PBXContainerItemProxy;
			containerPortal = 6E65D2781A32965300FEB0B5 /* CorePedidoServer.xcodeproj */;
			proxyType = 2;
			remoteGlobalIDString = 6E3DA2E01A316BB100290060;
			remoteInfo = CorePedidoServer;
		};
		6E65D27F1A32965300FEB0B5 /* PBXContainerItemProxy */ = {
			isa = PBXContainerItemProxy;
			containerPortal = 6E65D2781A32965300FEB0B5 /* CorePedidoServer.xcodeproj */;
			proxyType = 2;
			remoteGlobalIDString = 6E3DA2EB1A316BB100290060;
			remoteInfo = CorePedidoServerTests;
		};
/* End PBXContainerItemProxy section */

/* Begin PBXCopyFilesBuildPhase section */
		6E65D26C1A3295AF00FEB0B5 /* CopyFiles */ = {
			isa = PBXCopyFilesBuildPhase;
			buildActionMask = 2147483647;
			dstPath = /usr/share/man/man1/;
			dstSubfolderSpec = 0;
			files = (
			);
			runOnlyForDeploymentPostprocessing = 1;
		};
/* End PBXCopyFilesBuildPhase section */

/* Begin PBXFileReference section */
		6E65D26E1A3295AF00FEB0B5 /* PedidoServerDaemon */ = {isa = PBXFileReference; explicitFileType = "compiled.mach-o.executable"; includeInIndex = 0; path = PedidoServerDaemon; sourceTree = BUILT_PRODUCTS_DIR; };
		6E65D2711A3295AF00FEB0B5 /* main.m */ = {isa = PBXFileReference; lastKnownFileType = sourcecode.c.objc; path = main.m; sourceTree = "<group>"; };
		6E65D2781A32965300FEB0B5 /* CorePedidoServer.xcodeproj */ = {isa = PBXFileReference; lastKnownFileType = "wrapper.pb-project"; name = CorePedidoServer.xcodeproj; path = /Users/Coleman/Programming/MyProjects/Pedido/PedidoServer/../CorePedidoServer/CorePedidoServer.xcodeproj; sourceTree = "<absolute>"; };
		6E65D2851A3296C400FEB0B5 /* PedidoServerDaemonBundle.bundle */ = {isa = PBXFileReference; explicitFileType = wrapper.cfbundle; includeInIndex = 0; path = PedidoServerDaemonBundle.bundle; sourceTree = BUILT_PRODUCTS_DIR; };
		6E65D2881A3296C400FEB0B5 /* Info.plist */ = {isa = PBXFileReference; lastKnownFileType = text.plist.xml; path = Info.plist; sourceTree = "<group>"; };
/* End PBXFileReference section */

/* Begin PBXFrameworksBuildPhase section */
		6E65D26B1A3295AF00FEB0B5 /* Frameworks */ = {
			isa = PBXFrameworksBuildPhase;
			buildActionMask = 2147483647;
			files = (
			);
			runOnlyForDeploymentPostprocessing = 0;
		};
		6E65D2821A3296C400FEB0B5 /* Frameworks */ = {
			isa = PBXFrameworksBuildPhase;
			buildActionMask = 2147483647;
			files = (
			);
			runOnlyForDeploymentPostprocessing = 0;
		};
/* End PBXFrameworksBuildPhase section */

/* Begin PBXGroup section */
		6E65D2651A3295AF00FEB0B5 = {
			isa = PBXGroup;
			children = (
				6E65D2781A32965300FEB0B5 /* CorePedidoServer.xcodeproj */,
				6E65D2701A3295AF00FEB0B5 /* PedidoServerDaemon */,
				6E65D2861A3296C400FEB0B5 /* PedidoServerDaemonBundle */,
				6E65D26F1A3295AF00FEB0B5 /* Products */,
			);
			sourceTree = "<group>";
		};
		6E65D26F1A3295AF00FEB0B5 /* Products */ = {
			isa = PBXGroup;
			children = (
				6E65D26E1A3295AF00FEB0B5 /* PedidoServerDaemon */,
				6E65D2851A3296C400FEB0B5 /* PedidoServerDaemonBundle.bundle */,
			);
			name = Products;
			sourceTree = "<group>";
		};
		6E65D2701A3295AF00FEB0B5 /* PedidoServerDaemon */ = {
			isa = PBXGroup;
			children = (
				6E65D2711A3295AF00FEB0B5 /* main.m */,
			);
			path = PedidoServerDaemon;
			sourceTree = "<group>";
		};
		6E65D2791A32965300FEB0B5 /* Products */ = {
			isa = PBXGroup;
			children = (
				6E65D27E1A32965300FEB0B5 /* CorePedidoServer.framework */,
				6E65D2801A32965300FEB0B5 /* CorePedidoServerTests.xctest */,
			);
			name = Products;
			sourceTree = "<group>";
		};
		6E65D2861A3296C400FEB0B5 /* PedidoServerDaemonBundle */ = {
			isa = PBXGroup;
			children = (
				6E65D2871A3296C400FEB0B5 /* Supporting Files */,
			);
			path = PedidoServerDaemonBundle;
			sourceTree = "<group>";
		};
		6E65D2871A3296C400FEB0B5 /* Supporting Files */ = {
			isa = PBXGroup;
			children = (
				6E65D2881A3296C400FEB0B5 /* Info.plist */,
			);
			name = "Supporting Files";
			sourceTree = "<group>";
		};
/* End PBXGroup section */

/* Begin PBXNativeTarget section */
		6E65D26D1A3295AF00FEB0B5 /* PedidoServerDaemon */ = {
			isa = PBXNativeTarget;
			buildConfigurationList = 6E65D2751A3295AF00FEB0B5 /* Build configuration list for PBXNativeTarget "PedidoServerDaemon" */;
			buildPhases = (
				6E65D26A1A3295AF00FEB0B5 /* Sources */,
				6E65D26B1A3295AF00FEB0B5 /* Frameworks */,
				6E65D26C1A3295AF00FEB0B5 /* CopyFiles */,
			);
			buildRules = (
			);
			dependencies = (
			);
			name = PedidoServerDaemon;
			productName = PedidoServerDaemon;
			productReference = 6E65D26E1A3295AF00FEB0B5 /* PedidoServerDaemon */;
			productType = "com.apple.product-type.tool";
		};
		6E65D2841A3296C400FEB0B5 /* PedidoServerDaemonBundle */ = {
			isa = PBXNativeTarget;
			buildConfigurationList = 6E65D2891A3296C400FEB0B5 /* Build configuration list for PBXNativeTarget "PedidoServerDaemonBundle" */;
			buildPhases = (
				6E65D2811A3296C400FEB0B5 /* Sources */,
				6E65D2821A3296C400FEB0B5 /* Frameworks */,
				6E65D2831A3296C400FEB0B5 /* Resources */,
			);
			buildRules = (
			);
			dependencies = (
			);
			name = PedidoServerDaemonBundle;
			productName = PedidoServerDaemonBundle;
			productReference = 6E65D2851A3296C400FEB0B5 /* PedidoServerDaemonBundle.bundle */;
			productType = "com.apple.product-type.bundle";
		};
/* End PBXNativeTarget section */

/* Begin PBXProject section */
		6E65D2661A3295AF00FEB0B5 /* Project object */ = {
			isa = PBXProject;
			attributes = {
				LastUpgradeCheck = 0610;
				ORGANIZATIONNAME = ColemanCDA;
				TargetAttributes = {
					6E65D26D1A3295AF00FEB0B5 = {
						CreatedOnToolsVersion = 6.1.1;
					};
					6E65D2841A3296C400FEB0B5 = {
						CreatedOnToolsVersion = 6.1.1;
					};
				};
			};
			buildConfigurationList = 6E65D2691A3295AF00FEB0B5 /* Build configuration list for PBXProject "PedidoServerDaemon" */;
			compatibilityVersion = "Xcode 3.2";
			developmentRegion = English;
			hasScannedForEncodings = 0;
			knownRegions = (
				en,
			);
			mainGroup = 6E65D2651A3295AF00FEB0B5;
			productRefGroup = 6E65D26F1A3295AF00FEB0B5 /* Products */;
			projectDirPath = "";
			projectReferences = (
				{
					ProductGroup = 6E65D2791A32965300FEB0B5 /* Products */;
					ProjectRef = 6E65D2781A32965300FEB0B5 /* CorePedidoServer.xcodeproj */;
				},
			);
			projectRoot = "";
			targets = (
				6E65D2841A3296C400FEB0B5 /* PedidoServerDaemonBundle */,
				6E65D26D1A3295AF00FEB0B5 /* PedidoServerDaemon */,
			);
		};
/* End PBXProject section */

/* Begin PBXReferenceProxy section */
		6E65D27E1A32965300FEB0B5 /* CorePedidoServer.framework */ = {
			isa = PBXReferenceProxy;
			fileType = wrapper.framework;
			path = CorePedidoServer.framework;
			remoteRef = 6E65D27D1A32965300FEB0B5 /* PBXContainerItemProxy */;
			sourceTree = BUILT_PRODUCTS_DIR;
		};
		6E65D2801A32965300FEB0B5 /* CorePedidoServerTests.xctest */ = {
			isa = PBXReferenceProxy;
			fileType = wrapper.cfbundle;
			path = CorePedidoServerTests.xctest;
			remoteRef = 6E65D27F1A32965300FEB0B5 /* PBXContainerItemProxy */;
			sourceTree = BUILT_PRODUCTS_DIR;
		};
/* End PBXReferenceProxy section */

/* Begin PBXResourcesBuildPhase section */
		6E65D2831A3296C400FEB0B5 /* Resources */ = {
			isa = PBXResourcesBuildPhase;
			buildActionMask = 2147483647;
			files = (
			);
			runOnlyForDeploymentPostprocessing = 0;
		};
/* End PBXResourcesBuildPhase section */

/* Begin PBXSourcesBuildPhase section */
		6E65D26A1A3295AF00FEB0B5 /* Sources */ = {
			isa = PBXSourcesBuildPhase;
			buildActionMask = 2147483647;
			files = (
				6E65D2721A3295AF00FEB0B5 /* main.m in Sources */,
			);
			runOnlyForDeploymentPostprocessing = 0;
		};
		6E65D2811A3296C400FEB0B5 /* Sources */ = {
			isa = PBXSourcesBuildPhase;
			buildActionMask = 2147483647;
			files = (
			);
			runOnlyForDeploymentPostprocessing = 0;
		};
/* End PBXSourcesBuildPhase section */

/* Begin XCBuildConfiguration section */
		6E65D2731A3295AF00FEB0B5 /* Debug */ = {
			isa = XCBuildConfiguration;
			buildSettings = {
				ALWAYS_SEARCH_USER_PATHS = NO;
				CLANG_CXX_LANGUAGE_STANDARD = "gnu++0x";
				CLANG_CXX_LIBRARY = "libc++";
				CLANG_ENABLE_MODULES = YES;
				CLANG_ENABLE_OBJC_ARC = YES;
				CLANG_WARN_BOOL_CONVERSION = YES;
				CLANG_WARN_CONSTANT_CONVERSION = YES;
				CLANG_WARN_DIRECT_OBJC_ISA_USAGE = YES_ERROR;
				CLANG_WARN_EMPTY_BODY = YES;
				CLANG_WARN_ENUM_CONVERSION = YES;
				CLANG_WARN_INT_CONVERSION = YES;
				CLANG_WARN_OBJC_ROOT_CLASS = YES_ERROR;
				CLANG_WARN_UNREACHABLE_CODE = YES;
				CLANG_WARN__DUPLICATE_METHOD_MATCH = YES;
				COPY_PHASE_STRIP = NO;
				ENABLE_STRICT_OBJC_MSGSEND = YES;
				GCC_C_LANGUAGE_STANDARD = gnu99;
				GCC_DYNAMIC_NO_PIC = NO;
				GCC_OPTIMIZATION_LEVEL = 0;
				GCC_PREPROCESSOR_DEFINITIONS = (
					"DEBUG=1",
					"$(inherited)",
				);
				GCC_SYMBOLS_PRIVATE_EXTERN = NO;
				GCC_WARN_64_TO_32_BIT_CONVERSION = YES;
				GCC_WARN_ABOUT_RETURN_TYPE = YES_ERROR;
				GCC_WARN_UNDECLARED_SELECTOR = YES;
				GCC_WARN_UNINITIALIZED_AUTOS = YES_AGGRESSIVE;
				GCC_WARN_UNUSED_FUNCTION = YES;
				GCC_WARN_UNUSED_VARIABLE = YES;
				MACOSX_DEPLOYMENT_TARGET = 10.10;
				MTL_ENABLE_DEBUG_INFO = YES;
				ONLY_ACTIVE_ARCH = YES;
				SDKROOT = macosx;
			};
			name = Debug;
		};
		6E65D2741A3295AF00FEB0B5 /* Release */ = {
			isa = XCBuildConfiguration;
			buildSettings = {
				ALWAYS_SEARCH_USER_PATHS = NO;
				CLANG_CXX_LANGUAGE_STANDARD = "gnu++0x";
				CLANG_CXX_LIBRARY = "libc++";
				CLANG_ENABLE_MODULES = YES;
				CLANG_ENABLE_OBJC_ARC = YES;
				CLANG_WARN_BOOL_CONVERSION = YES;
				CLANG_WARN_CONSTANT_CONVERSION = YES;
				CLANG_WARN_DIRECT_OBJC_ISA_USAGE = YES_ERROR;
				CLANG_WARN_EMPTY_BODY = YES;
				CLANG_WARN_ENUM_CONVERSION = YES;
				CLANG_WARN_INT_CONVERSION = YES;
				CLANG_WARN_OBJC_ROOT_CLASS = YES_ERROR;
				CLANG_WARN_UNREACHABLE_CODE = YES;
				CLANG_WARN__DUPLICATE_METHOD_MATCH = YES;
				COPY_PHASE_STRIP = YES;
				DEBUG_INFORMATION_FORMAT = "dwarf-with-dsym";
				ENABLE_NS_ASSERTIONS = NO;
				ENABLE_STRICT_OBJC_MSGSEND = YES;
				GCC_C_LANGUAGE_STANDARD = gnu99;
				GCC_WARN_64_TO_32_BIT_CONVERSION = YES;
				GCC_WARN_ABOUT_RETURN_TYPE = YES_ERROR;
				GCC_WARN_UNDECLARED_SELECTOR = YES;
				GCC_WARN_UNINITIALIZED_AUTOS = YES_AGGRESSIVE;
				GCC_WARN_UNUSED_FUNCTION = YES;
				GCC_WARN_UNUSED_VARIABLE = YES;
				MACOSX_DEPLOYMENT_TARGET = 10.10;
				MTL_ENABLE_DEBUG_INFO = NO;
				SDKROOT = macosx;
			};
			name = Release;
		};
		6E65D2761A3295AF00FEB0B5 /* Debug */ = {
			isa = XCBuildConfiguration;
			buildSettings = {
				PRODUCT_NAME = "$(TARGET_NAME)";
			};
			name = Debug;
		};
		6E65D2771A3295AF00FEB0B5 /* Release */ = {
			isa = XCBuildConfiguration;
			buildSettings = {
				PRODUCT_NAME = "$(TARGET_NAME)";
			};
			name = Release;
		};
		6E65D28A1A3296C400FEB0B5 /* Debug */ = {
			isa = XCBuildConfiguration;
			buildSettings = {
				COMBINE_HIDPI_IMAGES = YES;
				GCC_PREPROCESSOR_DEFINITIONS = (
					"DEBUG=1",
					"$(inherited)",
				);
				INFOPLIST_FILE = PedidoServerDaemonBundle/Info.plist;
				INSTALL_PATH = "$(LOCAL_LIBRARY_DIR)/Bundles";
				PRODUCT_NAME = "$(TARGET_NAME)";
				SKIP_INSTALL = YES;
				WRAPPER_EXTENSION = bundle;
			};
			name = Debug;
		};
		6E65D28B1A3296C400FEB0B5 /* Release */ = {
			isa = XCBuildConfiguration;
			buildSettings = {
				COMBINE_HIDPI_IMAGES = YES;
				INFOPLIST_FILE = PedidoServerDaemonBundle/Info.plist;
				INSTALL_PATH = "$(LOCAL_LIBRARY_DIR)/Bundles";
				PRODUCT_NAME = "$(TARGET_NAME)";
				SKIP_INSTALL = YES;
				WRAPPER_EXTENSION = bundle;
			};
			name = Release;
		};
/* End XCBuildConfiguration section */

/* Begin XCConfigurationList section */
		6E65D2691A3295AF00FEB0B5 /* Build configuration list for PBXProject "PedidoServerDaemon" */ = {
			isa = XCConfigurationList;
			buildConfigurations = (
				6E65D2731A3295AF00FEB0B5 /* Debug */,
				6E65D2741A3295AF00FEB0B5 /* Release */,
			);
			defaultConfigurationIsVisible = 0;
			defaultConfigurationName = Release;
		};
		6E65D2751A3295AF00FEB0B5 /* Build configuration list for PBXNativeTarget "PedidoServerDaemon" */ = {
			isa = XCConfigurationList;
			buildConfigurations = (
				6E65D2761A3295AF00FEB0B5 /* Debug */,
				6E65D2771A3295AF00FEB0B5 /* Release */,
			);
			defaultConfigurationIsVisible = 0;
		};
		6E65D2891A3296C400FEB0B5 /* Build configuration list for PBXNativeTarget "PedidoServerDaemonBundle" */ = {
			isa = XCConfigurationList;
			buildConfigurations = (
				6E65D28A1A3296C400FEB0B5 /* Debug */,
				6E65D28B1A3296C400FEB0B5 /* Release */,
			);
			defaultConfigurationIsVisible = 0;
		};
/* End XCConfigurationList section */
	};
	rootObject = 6E65D2661A3295AF00FEB0B5 /* Project object */;
}
