// !$*UTF8*$!
{
	archiveVersion = 1;
	classes = {
	};
	objectVersion = 46;
	objects = {

/* Begin PBXBuildFile section */
		6E4507391A353A3300F5C7F1 /* GUI.xcassets in Resources */ = {isa = PBXBuildFile; fileRef = 6E4507381A353A3300F5C7F1 /* GUI.xcassets */; };
		6E79A3F21A34C7D100C7DE76 /* LoginViewController.swift in Sources */ = {isa = PBXBuildFile; fileRef = 6E79A3F11A34C7D100C7DE76 /* LoginViewController.swift */; };
		6E79A44C1A34C9AD00C7DE76 /* CorePedidoClient.framework in Frameworks */ = {isa = PBXBuildFile; fileRef = 6E79A4151A34C93B00C7DE76 /* CorePedidoClient.framework */; };
		6E79A44D1A34C9AD00C7DE76 /* CorePedidoClient.framework in Embed Frameworks */ = {isa = PBXBuildFile; fileRef = 6E79A4151A34C93B00C7DE76 /* CorePedidoClient.framework */; settings = {ATTRIBUTES = (CodeSignOnCopy, RemoveHeadersOnCopy, ); }; };
		6E7B3E6F1A3341A600DC278B /* AppDelegate.swift in Sources */ = {isa = PBXBuildFile; fileRef = 6E7B3E6E1A3341A600DC278B /* AppDelegate.swift */; };
		6E7B3E741A3341A600DC278B /* Main.storyboard in Resources */ = {isa = PBXBuildFile; fileRef = 6E7B3E721A3341A600DC278B /* Main.storyboard */; };
		6E7B3E761A3341A600DC278B /* Images.xcassets in Resources */ = {isa = PBXBuildFile; fileRef = 6E7B3E751A3341A600DC278B /* Images.xcassets */; };
		6E7B3E791A3341A600DC278B /* LaunchScreen.xib in Resources */ = {isa = PBXBuildFile; fileRef = 6E7B3E771A3341A600DC278B /* LaunchScreen.xib */; };
		6E7B3E851A3341A600DC278B /* PedidoTests.swift in Sources */ = {isa = PBXBuildFile; fileRef = 6E7B3E841A3341A600DC278B /* PedidoTests.swift */; };
		6EEA6B281A34F7DD00105413 /* EstablishmentsViewController.swift in Sources */ = {isa = PBXBuildFile; fileRef = 6EEA6B271A34F7DD00105413 /* EstablishmentsViewController.swift */; };
/* End PBXBuildFile section */

/* Begin PBXContainerItemProxy section */
		6E79A4141A34C93B00C7DE76 /* PBXContainerItemProxy */ = {
			isa = PBXContainerItemProxy;
			containerPortal = 6E79A40F1A34C93A00C7DE76 /* CorePedidoClient.xcodeproj */;
			proxyType = 2;
			remoteGlobalIDString = 6E7DFE811A3150D1002BE54B;
			remoteInfo = CorePedidoClient;
		};
		6E79A4161A34C93B00C7DE76 /* PBXContainerItemProxy */ = {
			isa = PBXContainerItemProxy;
			containerPortal = 6E79A40F1A34C93A00C7DE76 /* CorePedidoClient.xcodeproj */;
			proxyType = 2;
			remoteGlobalIDString = 6E7DFE8C1A3150D1002BE54B;
			remoteInfo = CorePedidoClientTests;
		};
		6E79A44E1A34C9AD00C7DE76 /* PBXContainerItemProxy */ = {
			isa = PBXContainerItemProxy;
			containerPortal = 6E79A40F1A34C93A00C7DE76 /* CorePedidoClient.xcodeproj */;
			proxyType = 1;
			remoteGlobalIDString = 6E7DFE801A3150D1002BE54B;
			remoteInfo = CorePedidoClient;
		};
		6E7B3E7F1A3341A600DC278B /* PBXContainerItemProxy */ = {
			isa = PBXContainerItemProxy;
			containerPortal = 6E7B3E611A3341A600DC278B /* Project object */;
			proxyType = 1;
			remoteGlobalIDString = 6E7B3E681A3341A600DC278B;
			remoteInfo = Pedido;
		};
		6E9679CE1B334F59003AFBBA /* PBXContainerItemProxy */ = {
			isa = PBXContainerItemProxy;
			containerPortal = 6E79A40F1A34C93A00C7DE76 /* CorePedidoClient.xcodeproj */;
			proxyType = 2;
			remoteGlobalIDString = 6E9679441B333E26003AFBBA;
			remoteInfo = "CorePedidoClient iOS";
		};
		6E9679D01B334F59003AFBBA /* PBXContainerItemProxy */ = {
			isa = PBXContainerItemProxy;
			containerPortal = 6E79A40F1A34C93A00C7DE76 /* CorePedidoClient.xcodeproj */;
			proxyType = 2;
			remoteGlobalIDString = 6E9679521B333E36003AFBBA;
			remoteInfo = "CorePedidoClientTests iOS";
		};
/* End PBXContainerItemProxy section */

/* Begin PBXCopyFilesBuildPhase section */
		6E79A45C1A34C9AE00C7DE76 /* Embed Frameworks */ = {
			isa = PBXCopyFilesBuildPhase;
			buildActionMask = 2147483647;
			dstPath = "";
			dstSubfolderSpec = 10;
			files = (
				6E79A44D1A34C9AD00C7DE76 /* CorePedidoClient.framework in Embed Frameworks */,
			);
			name = "Embed Frameworks";
			runOnlyForDeploymentPostprocessing = 0;
		};
/* End PBXCopyFilesBuildPhase section */

/* Begin PBXFileReference section */
		6E4507381A353A3300F5C7F1 /* GUI.xcassets */ = {isa = PBXFileReference; lastKnownFileType = folder.assetcatalog; name = GUI.xcassets; path = "../../Shared Resources/GUI.xcassets"; sourceTree = "<group>"; };
		6E79A3F11A34C7D100C7DE76 /* LoginViewController.swift */ = {isa = PBXFileReference; fileEncoding = 4; lastKnownFileType = sourcecode.swift; path = LoginViewController.swift; sourceTree = "<group>"; };
		6E79A40F1A34C93A00C7DE76 /* CorePedidoClient.xcodeproj */ = {isa = PBXFileReference; lastKnownFileType = "wrapper.pb-project"; name = CorePedidoClient.xcodeproj; path = ../CorePedidoClient/CorePedidoClient.xcodeproj; sourceTree = "<group>"; };
		6E7B3E691A3341A600DC278B /* Pedido.app */ = {isa = PBXFileReference; explicitFileType = wrapper.application; includeInIndex = 0; path = Pedido.app; sourceTree = BUILT_PRODUCTS_DIR; };
		6E7B3E6D1A3341A600DC278B /* Info.plist */ = {isa = PBXFileReference; lastKnownFileType = text.plist.xml; path = Info.plist; sourceTree = "<group>"; };
		6E7B3E6E1A3341A600DC278B /* AppDelegate.swift */ = {isa = PBXFileReference; lastKnownFileType = sourcecode.swift; path = AppDelegate.swift; sourceTree = "<group>"; };
		6E7B3E731A3341A600DC278B /* Base */ = {isa = PBXFileReference; lastKnownFileType = file.storyboard; name = Base; path = Base.lproj/Main.storyboard; sourceTree = "<group>"; };
		6E7B3E751A3341A600DC278B /* Images.xcassets */ = {isa = PBXFileReference; lastKnownFileType = folder.assetcatalog; path = Images.xcassets; sourceTree = "<group>"; };
		6E7B3E781A3341A600DC278B /* Base */ = {isa = PBXFileReference; lastKnownFileType = file.xib; name = Base; path = Base.lproj/LaunchScreen.xib; sourceTree = "<group>"; };
		6E7B3E7E1A3341A600DC278B /* PedidoTests.xctest */ = {isa = PBXFileReference; explicitFileType = wrapper.cfbundle; includeInIndex = 0; path = PedidoTests.xctest; sourceTree = BUILT_PRODUCTS_DIR; };
		6E7B3E831A3341A600DC278B /* Info.plist */ = {isa = PBXFileReference; lastKnownFileType = text.plist.xml; path = Info.plist; sourceTree = "<group>"; };
		6E7B3E841A3341A600DC278B /* PedidoTests.swift */ = {isa = PBXFileReference; lastKnownFileType = sourcecode.swift; path = PedidoTests.swift; sourceTree = "<group>"; };
		6E9679D31B334F64003AFBBA /* CocoaAsyncSocket.framework */ = {isa = PBXFileReference; lastKnownFileType = wrapper.framework; path = CocoaAsyncSocket.framework; sourceTree = "<group>"; };
		6E9679D41B334F64003AFBBA /* CocoaHTTPServer.framework */ = {isa = PBXFileReference; lastKnownFileType = wrapper.framework; path = CocoaHTTPServer.framework; sourceTree = "<group>"; };
		6E9679D51B334F64003AFBBA /* ExSwift.framework */ = {isa = PBXFileReference; lastKnownFileType = wrapper.framework; path = ExSwift.framework; sourceTree = "<group>"; };
		6E9679D61B334F64003AFBBA /* JTSImage.framework */ = {isa = PBXFileReference; lastKnownFileType = wrapper.framework; path = JTSImage.framework; sourceTree = "<group>"; };
		6E9679D71B334F64003AFBBA /* NetworkObjects.framework */ = {isa = PBXFileReference; lastKnownFileType = wrapper.framework; path = NetworkObjects.framework; sourceTree = "<group>"; };
		6E9679D81B334F64003AFBBA /* RoutingHTTPServer.framework */ = {isa = PBXFileReference; lastKnownFileType = wrapper.framework; path = RoutingHTTPServer.framework; sourceTree = "<group>"; };
		6EEA6B271A34F7DD00105413 /* EstablishmentsViewController.swift */ = {isa = PBXFileReference; fileEncoding = 4; lastKnownFileType = sourcecode.swift; path = EstablishmentsViewController.swift; sourceTree = "<group>"; };
/* End PBXFileReference section */

/* Begin PBXFrameworksBuildPhase section */
		6E7B3E661A3341A600DC278B /* Frameworks */ = {
			isa = PBXFrameworksBuildPhase;
			buildActionMask = 2147483647;
			files = (
				6E79A44C1A34C9AD00C7DE76 /* CorePedidoClient.framework in Frameworks */,
			);
			runOnlyForDeploymentPostprocessing = 0;
		};
		6E7B3E7B1A3341A600DC278B /* Frameworks */ = {
			isa = PBXFrameworksBuildPhase;
			buildActionMask = 2147483647;
			files = (
			);
			runOnlyForDeploymentPostprocessing = 0;
		};
/* End PBXFrameworksBuildPhase section */

/* Begin PBXGroup section */
		6E79A3FC1A34C8F500C7DE76 /* Frameworks */ = {
			isa = PBXGroup;
			children = (
				6E9679D21B334F64003AFBBA /* iOS */,
				6E79A40F1A34C93A00C7DE76 /* CorePedidoClient.xcodeproj */,
			);
			name = Frameworks;
			sourceTree = "<group>";
		};
		6E79A4101A34C93A00C7DE76 /* Products */ = {
			isa = PBXGroup;
			children = (
				6E79A4151A34C93B00C7DE76 /* CorePedidoClient.framework */,
				6E79A4171A34C93B00C7DE76 /* CorePedidoClientTests.xctest */,
				6E9679CF1B334F59003AFBBA /* CorePedidoClient.framework */,
				6E9679D11B334F59003AFBBA /* CorePedidoClientTests.xctest */,
			);
			name = Products;
			sourceTree = "<group>";
		};
		6E7B3E601A3341A600DC278B = {
			isa = PBXGroup;
			children = (
				6E79A3FC1A34C8F500C7DE76 /* Frameworks */,
				6E7B3E6B1A3341A600DC278B /* Pedido */,
				6E7B3E811A3341A600DC278B /* PedidoTests */,
				6E7B3E6A1A3341A600DC278B /* Products */,
			);
			sourceTree = "<group>";
		};
		6E7B3E6A1A3341A600DC278B /* Products */ = {
			isa = PBXGroup;
			children = (
				6E7B3E691A3341A600DC278B /* Pedido.app */,
				6E7B3E7E1A3341A600DC278B /* PedidoTests.xctest */,
			);
			name = Products;
			sourceTree = "<group>";
		};
		6E7B3E6B1A3341A600DC278B /* Pedido */ = {
			isa = PBXGroup;
			children = (
				6E7B3E6E1A3341A600DC278B /* AppDelegate.swift */,
				6E7B3E721A3341A600DC278B /* Main.storyboard */,
				6E7B3E751A3341A600DC278B /* Images.xcassets */,
				6E4507381A353A3300F5C7F1 /* GUI.xcassets */,
				6E7B3E771A3341A600DC278B /* LaunchScreen.xib */,
				6E79A3F11A34C7D100C7DE76 /* LoginViewController.swift */,
				6EEA6B271A34F7DD00105413 /* EstablishmentsViewController.swift */,
				6E7B3E6C1A3341A600DC278B /* Supporting Files */,
			);
			path = Pedido;
			sourceTree = "<group>";
		};
		6E7B3E6C1A3341A600DC278B /* Supporting Files */ = {
			isa = PBXGroup;
			children = (
				6E7B3E6D1A3341A600DC278B /* Info.plist */,
			);
			name = "Supporting Files";
			sourceTree = "<group>";
		};
		6E7B3E811A3341A600DC278B /* PedidoTests */ = {
			isa = PBXGroup;
			children = (
				6E7B3E841A3341A600DC278B /* PedidoTests.swift */,
				6E7B3E821A3341A600DC278B /* Supporting Files */,
			);
			path = PedidoTests;
			sourceTree = "<group>";
		};
		6E7B3E821A3341A600DC278B /* Supporting Files */ = {
			isa = PBXGroup;
			children = (
				6E7B3E831A3341A600DC278B /* Info.plist */,
			);
			name = "Supporting Files";
			sourceTree = "<group>";
		};
		6E9679D21B334F64003AFBBA /* iOS */ = {
			isa = PBXGroup;
			children = (
				6E9679D31B334F64003AFBBA /* CocoaAsyncSocket.framework */,
				6E9679D41B334F64003AFBBA /* CocoaHTTPServer.framework */,
				6E9679D51B334F64003AFBBA /* ExSwift.framework */,
				6E9679D61B334F64003AFBBA /* JTSImage.framework */,
				6E9679D71B334F64003AFBBA /* NetworkObjects.framework */,
				6E9679D81B334F64003AFBBA /* RoutingHTTPServer.framework */,
			);
			name = iOS;
			path = ../Carthage/Build/iOS;
			sourceTree = "<group>";
		};
/* End PBXGroup section */

/* Begin PBXNativeTarget section */
		6E7B3E681A3341A600DC278B /* Pedido */ = {
			isa = PBXNativeTarget;
			buildConfigurationList = 6E7B3E881A3341A600DC278B /* Build configuration list for PBXNativeTarget "Pedido" */;
			buildPhases = (
				6E7B3E651A3341A600DC278B /* Sources */,
				6E7B3E661A3341A600DC278B /* Frameworks */,
				6E7B3E671A3341A600DC278B /* Resources */,
				6E79A45C1A34C9AE00C7DE76 /* Embed Frameworks */,
			);
			buildRules = (
			);
			dependencies = (
				6E79A44F1A34C9AD00C7DE76 /* PBXTargetDependency */,
			);
			name = Pedido;
			productName = Pedido;
			productReference = 6E7B3E691A3341A600DC278B /* Pedido.app */;
			productType = "com.apple.product-type.application";
		};
		6E7B3E7D1A3341A600DC278B /* PedidoTests */ = {
			isa = PBXNativeTarget;
			buildConfigurationList = 6E7B3E8B1A3341A600DC278B /* Build configuration list for PBXNativeTarget "PedidoTests" */;
			buildPhases = (
				6E7B3E7A1A3341A600DC278B /* Sources */,
				6E7B3E7B1A3341A600DC278B /* Frameworks */,
				6E7B3E7C1A3341A600DC278B /* Resources */,
			);
			buildRules = (
			);
			dependencies = (
				6E7B3E801A3341A600DC278B /* PBXTargetDependency */,
			);
			name = PedidoTests;
			productName = PedidoTests;
			productReference = 6E7B3E7E1A3341A600DC278B /* PedidoTests.xctest */;
			productType = "com.apple.product-type.bundle.unit-test";
		};
/* End PBXNativeTarget section */

/* Begin PBXProject section */
		6E7B3E611A3341A600DC278B /* Project object */ = {
			isa = PBXProject;
			attributes = {
				LastUpgradeCheck = 0620;
				ORGANIZATIONNAME = ColemanCDA;
				TargetAttributes = {
					6E7B3E681A3341A600DC278B = {
						CreatedOnToolsVersion = 6.2;
						DevelopmentTeam = 4W79SG34MW;
					};
					6E7B3E7D1A3341A600DC278B = {
						CreatedOnToolsVersion = 6.2;
						TestTargetID = 6E7B3E681A3341A600DC278B;
					};
				};
			};
			buildConfigurationList = 6E7B3E641A3341A600DC278B /* Build configuration list for PBXProject "Pedido" */;
			compatibilityVersion = "Xcode 3.2";
			developmentRegion = English;
			hasScannedForEncodings = 0;
			knownRegions = (
				en,
				Base,
			);
			mainGroup = 6E7B3E601A3341A600DC278B;
			productRefGroup = 6E7B3E6A1A3341A600DC278B /* Products */;
			projectDirPath = "";
			projectReferences = (
				{
					ProductGroup = 6E79A4101A34C93A00C7DE76 /* Products */;
					ProjectRef = 6E79A40F1A34C93A00C7DE76 /* CorePedidoClient.xcodeproj */;
				},
			);
			projectRoot = "";
			targets = (
				6E7B3E681A3341A600DC278B /* Pedido */,
				6E7B3E7D1A3341A600DC278B /* PedidoTests */,
			);
		};
/* End PBXProject section */

/* Begin PBXReferenceProxy section */
		6E79A4151A34C93B00C7DE76 /* CorePedidoClient.framework */ = {
			isa = PBXReferenceProxy;
			fileType = wrapper.framework;
			path = CorePedidoClient.framework;
			remoteRef = 6E79A4141A34C93B00C7DE76 /* PBXContainerItemProxy */;
			sourceTree = BUILT_PRODUCTS_DIR;
		};
		6E79A4171A34C93B00C7DE76 /* CorePedidoClientTests.xctest */ = {
			isa = PBXReferenceProxy;
			fileType = wrapper.cfbundle;
			path = CorePedidoClientTests.xctest;
			remoteRef = 6E79A4161A34C93B00C7DE76 /* PBXContainerItemProxy */;
			sourceTree = BUILT_PRODUCTS_DIR;
		};
		6E9679CF1B334F59003AFBBA /* CorePedidoClient.framework */ = {
			isa = PBXReferenceProxy;
			fileType = wrapper.framework;
			path = CorePedidoClient.framework;
			remoteRef = 6E9679CE1B334F59003AFBBA /* PBXContainerItemProxy */;
			sourceTree = BUILT_PRODUCTS_DIR;
		};
		6E9679D11B334F59003AFBBA /* CorePedidoClientTests.xctest */ = {
			isa = PBXReferenceProxy;
			fileType = wrapper.cfbundle;
			path = CorePedidoClientTests.xctest;
			remoteRef = 6E9679D01B334F59003AFBBA /* PBXContainerItemProxy */;
			sourceTree = BUILT_PRODUCTS_DIR;
		};
/* End PBXReferenceProxy section */

/* Begin PBXResourcesBuildPhase section */
		6E7B3E671A3341A600DC278B /* Resources */ = {
			isa = PBXResourcesBuildPhase;
			buildActionMask = 2147483647;
			files = (
				6E7B3E741A3341A600DC278B /* Main.storyboard in Resources */,
				6E4507391A353A3300F5C7F1 /* GUI.xcassets in Resources */,
				6E7B3E791A3341A600DC278B /* LaunchScreen.xib in Resources */,
				6E7B3E761A3341A600DC278B /* Images.xcassets in Resources */,
			);
			runOnlyForDeploymentPostprocessing = 0;
		};
		6E7B3E7C1A3341A600DC278B /* Resources */ = {
			isa = PBXResourcesBuildPhase;
			buildActionMask = 2147483647;
			files = (
			);
			runOnlyForDeploymentPostprocessing = 0;
		};
/* End PBXResourcesBuildPhase section */

/* Begin PBXSourcesBuildPhase section */
		6E7B3E651A3341A600DC278B /* Sources */ = {
			isa = PBXSourcesBuildPhase;
			buildActionMask = 2147483647;
			files = (
				6E79A3F21A34C7D100C7DE76 /* LoginViewController.swift in Sources */,
				6E7B3E6F1A3341A600DC278B /* AppDelegate.swift in Sources */,
				6EEA6B281A34F7DD00105413 /* EstablishmentsViewController.swift in Sources */,
			);
			runOnlyForDeploymentPostprocessing = 0;
		};
		6E7B3E7A1A3341A600DC278B /* Sources */ = {
			isa = PBXSourcesBuildPhase;
			buildActionMask = 2147483647;
			files = (
				6E7B3E851A3341A600DC278B /* PedidoTests.swift in Sources */,
			);
			runOnlyForDeploymentPostprocessing = 0;
		};
/* End PBXSourcesBuildPhase section */

/* Begin PBXTargetDependency section */
		6E79A44F1A34C9AD00C7DE76 /* PBXTargetDependency */ = {
			isa = PBXTargetDependency;
			name = CorePedidoClient;
			targetProxy = 6E79A44E1A34C9AD00C7DE76 /* PBXContainerItemProxy */;
		};
		6E7B3E801A3341A600DC278B /* PBXTargetDependency */ = {
			isa = PBXTargetDependency;
			target = 6E7B3E681A3341A600DC278B /* Pedido */;
			targetProxy = 6E7B3E7F1A3341A600DC278B /* PBXContainerItemProxy */;
		};
/* End PBXTargetDependency section */

/* Begin PBXVariantGroup section */
		6E7B3E721A3341A600DC278B /* Main.storyboard */ = {
			isa = PBXVariantGroup;
			children = (
				6E7B3E731A3341A600DC278B /* Base */,
			);
			name = Main.storyboard;
			sourceTree = "<group>";
		};
		6E7B3E771A3341A600DC278B /* LaunchScreen.xib */ = {
			isa = PBXVariantGroup;
			children = (
				6E7B3E781A3341A600DC278B /* Base */,
			);
			name = LaunchScreen.xib;
			sourceTree = "<group>";
		};
/* End PBXVariantGroup section */

/* Begin XCBuildConfiguration section */
		6E7B3E861A3341A600DC278B /* Debug */ = {
			isa = XCBuildConfiguration;
			buildSettings = {
				ALWAYS_SEARCH_USER_PATHS = NO;
				CLANG_CXX_LANGUAGE_STANDARD = "gnu++0x";
				CLANG_CXX_LIBRARY = "libc++";
				CLANG_ENABLE_MODULES = YES;
				CLANG_ENABLE_OBJC_ARC = YES;
				CLANG_WARN_BOOL_CONVERSION = YES;
				CLANG_WARN_CONSTANT_CONVERSION = YES;
				CLANG_WARN_DIRECT_OBJC_ISA_USAGE = YES_ERROR;
				CLANG_WARN_EMPTY_BODY = YES;
				CLANG_WARN_ENUM_CONVERSION = YES;
				CLANG_WARN_INT_CONVERSION = YES;
				CLANG_WARN_OBJC_ROOT_CLASS = YES_ERROR;
				CLANG_WARN_UNREACHABLE_CODE = YES;
				CLANG_WARN__DUPLICATE_METHOD_MATCH = YES;
				"CODE_SIGN_IDENTITY[sdk=iphoneos*]" = "iPhone Developer";
				COPY_PHASE_STRIP = NO;
				ENABLE_STRICT_OBJC_MSGSEND = YES;
				GCC_C_LANGUAGE_STANDARD = gnu99;
				GCC_DYNAMIC_NO_PIC = NO;
				GCC_OPTIMIZATION_LEVEL = 0;
				GCC_PREPROCESSOR_DEFINITIONS = (
					"DEBUG=1",
					"$(inherited)",
				);
				GCC_SYMBOLS_PRIVATE_EXTERN = NO;
				GCC_WARN_64_TO_32_BIT_CONVERSION = YES;
				GCC_WARN_ABOUT_RETURN_TYPE = YES_ERROR;
				GCC_WARN_UNDECLARED_SELECTOR = YES;
				GCC_WARN_UNINITIALIZED_AUTOS = YES_AGGRESSIVE;
				GCC_WARN_UNUSED_FUNCTION = YES;
				GCC_WARN_UNUSED_VARIABLE = YES;
				IPHONEOS_DEPLOYMENT_TARGET = 8.1;
				MTL_ENABLE_DEBUG_INFO = YES;
				ONLY_ACTIVE_ARCH = YES;
				SDKROOT = iphoneos;
				SWIFT_OPTIMIZATION_LEVEL = "-Onone";
				TARGETED_DEVICE_FAMILY = "1,2";
			};
			name = Debug;
		};
		6E7B3E871A3341A600DC278B /* Release */ = {
			isa = XCBuildConfiguration;
			buildSettings = {
				ALWAYS_SEARCH_USER_PATHS = NO;
				CLANG_CXX_LANGUAGE_STANDARD = "gnu++0x";
				CLANG_CXX_LIBRARY = "libc++";
				CLANG_ENABLE_MODULES = YES;
				CLANG_ENABLE_OBJC_ARC = YES;
				CLANG_WARN_BOOL_CONVERSION = YES;
				CLANG_WARN_CONSTANT_CONVERSION = YES;
				CLANG_WARN_DIRECT_OBJC_ISA_USAGE = YES_ERROR;
				CLANG_WARN_EMPTY_BODY = YES;
				CLANG_WARN_ENUM_CONVERSION = YES;
				CLANG_WARN_INT_CONVERSION = YES;
				CLANG_WARN_OBJC_ROOT_CLASS = YES_ERROR;
				CLANG_WARN_UNREACHABLE_CODE = YES;
				CLANG_WARN__DUPLICATE_METHOD_MATCH = YES;
				"CODE_SIGN_IDENTITY[sdk=iphoneos*]" = "iPhone Developer";
				COPY_PHASE_STRIP = YES;
				ENABLE_NS_ASSERTIONS = NO;
				ENABLE_STRICT_OBJC_MSGSEND = YES;
				GCC_C_LANGUAGE_STANDARD = gnu99;
				GCC_WARN_64_TO_32_BIT_CONVERSION = YES;
				GCC_WARN_ABOUT_RETURN_TYPE = YES_ERROR;
				GCC_WARN_UNDECLARED_SELECTOR = YES;
				GCC_WARN_UNINITIALIZED_AUTOS = YES_AGGRESSIVE;
				GCC_WARN_UNUSED_FUNCTION = YES;
				GCC_WARN_UNUSED_VARIABLE = YES;
				IPHONEOS_DEPLOYMENT_TARGET = 8.1;
				MTL_ENABLE_DEBUG_INFO = NO;
				SDKROOT = iphoneos;
				TARGETED_DEVICE_FAMILY = "1,2";
				VALIDATE_PRODUCT = YES;
			};
			name = Release;
		};
		6E7B3E891A3341A600DC278B /* Debug */ = {
			isa = XCBuildConfiguration;
			buildSettings = {
				ASSETCATALOG_COMPILER_APPICON_NAME = AppIcon;
				CODE_SIGN_IDENTITY = "iPhone Developer";
				EMBEDDED_CONTENT_CONTAINS_SWIFT = YES;
				INFOPLIST_FILE = Pedido/Info.plist;
				LD_RUNPATH_SEARCH_PATHS = "$(inherited) @executable_path/Frameworks";
				PRODUCT_NAME = "$(TARGET_NAME)";
			};
			name = Debug;
		};
		6E7B3E8A1A3341A600DC278B /* Release */ = {
			isa = XCBuildConfiguration;
			buildSettings = {
				ASSETCATALOG_COMPILER_APPICON_NAME = AppIcon;
				CODE_SIGN_IDENTITY = "iPhone Developer";
				EMBEDDED_CONTENT_CONTAINS_SWIFT = YES;
				INFOPLIST_FILE = Pedido/Info.plist;
				LD_RUNPATH_SEARCH_PATHS = "$(inherited) @executable_path/Frameworks";
				PRODUCT_NAME = "$(TARGET_NAME)";
			};
			name = Release;
		};
		6E7B3E8C1A3341A600DC278B /* Debug */ = {
			isa = XCBuildConfiguration;
			buildSettings = {
				BUNDLE_LOADER = "$(TEST_HOST)";
				FRAMEWORK_SEARCH_PATHS = (
					"$(SDKROOT)/Developer/Library/Frameworks",
					"$(inherited)",
				);
				GCC_PREPROCESSOR_DEFINITIONS = (
					"DEBUG=1",
					"$(inherited)",
				);
				INFOPLIST_FILE = PedidoTests/Info.plist;
				LD_RUNPATH_SEARCH_PATHS = "$(inherited) @executable_path/Frameworks @loader_path/Frameworks";
				PRODUCT_NAME = "$(TARGET_NAME)";
				TEST_HOST = "$(BUILT_PRODUCTS_DIR)/Pedido.app/Pedido";
			};
			name = Debug;
		};
		6E7B3E8D1A3341A600DC278B /* Release */ = {
			isa = XCBuildConfiguration;
			buildSettings = {
				BUNDLE_LOADER = "$(TEST_HOST)";
				FRAMEWORK_SEARCH_PATHS = (
					"$(SDKROOT)/Developer/Library/Frameworks",
					"$(inherited)",
				);
				INFOPLIST_FILE = PedidoTests/Info.plist;
				LD_RUNPATH_SEARCH_PATHS = "$(inherited) @executable_path/Frameworks @loader_path/Frameworks";
				PRODUCT_NAME = "$(TARGET_NAME)";
				TEST_HOST = "$(BUILT_PRODUCTS_DIR)/Pedido.app/Pedido";
			};
			name = Release;
		};
/* End XCBuildConfiguration section */

/* Begin XCConfigurationList section */
		6E7B3E641A3341A600DC278B /* Build configuration list for PBXProject "Pedido" */ = {
			isa = XCConfigurationList;
			buildConfigurations = (
				6E7B3E861A3341A600DC278B /* Debug */,
				6E7B3E871A3341A600DC278B /* Release */,
			);
			defaultConfigurationIsVisible = 0;
			defaultConfigurationName = Release;
		};
		6E7B3E881A3341A600DC278B /* Build configuration list for PBXNativeTarget "Pedido" */ = {
			isa = XCConfigurationList;
			buildConfigurations = (
				6E7B3E891A3341A600DC278B /* Debug */,
				6E7B3E8A1A3341A600DC278B /* Release */,
			);
			defaultConfigurationIsVisible = 0;
			defaultConfigurationName = Release;
		};
		6E7B3E8B1A3341A600DC278B /* Build configuration list for PBXNativeTarget "PedidoTests" */ = {
			isa = XCConfigurationList;
			buildConfigurations = (
				6E7B3E8C1A3341A600DC278B /* Debug */,
				6E7B3E8D1A3341A600DC278B /* Release */,
			);
			defaultConfigurationIsVisible = 0;
			defaultConfigurationName = Release;
		};
/* End XCConfigurationList section */
	};
	rootObject = 6E7B3E611A3341A600DC278B /* Project object */;
}
