// !$*UTF8*$!
{
	archiveVersion = 1;
	classes = {
	};
	objectVersion = 46;
	objects = {

/* Begin PBXBuildFile section */
		6E2863651A329D5100F0DD99 /* PedidoServerDaemon.bundle in CopyFiles */ = {isa = PBXBuildFile; fileRef = 6E2863611A329D2100F0DD99 /* PedidoServerDaemon.bundle */; settings = {ATTRIBUTES = (RemoveHeadersOnCopy, ); }; };
		6E65D2E61A329C2400FEB0B5 /* AppDelegate.swift in Sources */ = {isa = PBXBuildFile; fileRef = 6E65D2E51A329C2400FEB0B5 /* AppDelegate.swift */; };
		6E65D2E81A329C2400FEB0B5 /* ViewController.swift in Sources */ = {isa = PBXBuildFile; fileRef = 6E65D2E71A329C2400FEB0B5 /* ViewController.swift */; };
		6E65D2EA1A329C2400FEB0B5 /* Images.xcassets in Resources */ = {isa = PBXBuildFile; fileRef = 6E65D2E91A329C2400FEB0B5 /* Images.xcassets */; };
		6E65D2ED1A329C2400FEB0B5 /* Main.storyboard in Resources */ = {isa = PBXBuildFile; fileRef = 6E65D2EB1A329C2400FEB0B5 /* Main.storyboard */; };
		6E65D2F91A329C2400FEB0B5 /* PedidoServerTests.swift in Sources */ = {isa = PBXBuildFile; fileRef = 6E65D2F81A329C2400FEB0B5 /* PedidoServerTests.swift */; };
/* End PBXBuildFile section */

/* Begin PBXContainerItemProxy section */
		6E2863601A329D2100F0DD99 /* PBXContainerItemProxy */ = {
			isa = PBXContainerItemProxy;
			containerPortal = 6E28635B1A329D2100F0DD99 /* PedidoServerDaemon.xcodeproj */;
			proxyType = 2;
			remoteGlobalIDString = 6E65D2851A3296C400FEB0B5;
			remoteInfo = PedidoServerDaemonBundle;
		};
		6E2863621A329D2100F0DD99 /* PBXContainerItemProxy */ = {
			isa = PBXContainerItemProxy;
			containerPortal = 6E28635B1A329D2100F0DD99 /* PedidoServerDaemon.xcodeproj */;
			proxyType = 2;
			remoteGlobalIDString = 6E65D26E1A3295AF00FEB0B5;
			remoteInfo = PedidoServerDaemon;
		};
		6E2863661A329D5800F0DD99 /* PBXContainerItemProxy */ = {
			isa = PBXContainerItemProxy;
			containerPortal = 6E28635B1A329D2100F0DD99 /* PedidoServerDaemon.xcodeproj */;
			proxyType = 1;
			remoteGlobalIDString = 6E65D2841A3296C400FEB0B5;
			remoteInfo = PedidoServerDaemonBundle;
		};
		6E65D2F31A329C2400FEB0B5 /* PBXContainerItemProxy */ = {
			isa = PBXContainerItemProxy;
			containerPortal = 6E65D2D81A329C2400FEB0B5 /* Project object */;
			proxyType = 1;
			remoteGlobalIDString = 6E65D2DF1A329C2400FEB0B5;
			remoteInfo = PedidoServer;
		};
/* End PBXContainerItemProxy section */

/* Begin PBXCopyFilesBuildPhase section */
		6E2863641A329D4100F0DD99 /* CopyFiles */ = {
			isa = PBXCopyFilesBuildPhase;
			buildActionMask = 2147483647;
			dstPath = "";
			dstSubfolderSpec = 7;
			files = (
				6E2863651A329D5100F0DD99 /* PedidoServerDaemon.bundle in CopyFiles */,
			);
			runOnlyForDeploymentPostprocessing = 0;
		};
/* End PBXCopyFilesBuildPhase section */

/* Begin PBXFileReference section */
		6E28635A1A329C8700F0DD99 /* PedidoServer.entitlements */ = {isa = PBXFileReference; lastKnownFileType = text.xml; path = PedidoServer.entitlements; sourceTree = "<group>"; };
		6E28635B1A329D2100F0DD99 /* PedidoServerDaemon.xcodeproj */ = {isa = PBXFileReference; lastKnownFileType = "wrapper.pb-project"; name = PedidoServerDaemon.xcodeproj; path = ../PedidoServerDaemon/PedidoServerDaemon.xcodeproj; sourceTree = "<group>"; };
		6E65D2E01A329C2400FEB0B5 /* PedidoServer.app */ = {isa = PBXFileReference; explicitFileType = wrapper.application; includeInIndex = 0; path = PedidoServer.app; sourceTree = BUILT_PRODUCTS_DIR; };
		6E65D2E41A329C2400FEB0B5 /* Info.plist */ = {isa = PBXFileReference; lastKnownFileType = text.plist.xml; path = Info.plist; sourceTree = "<group>"; };
		6E65D2E51A329C2400FEB0B5 /* AppDelegate.swift */ = {isa = PBXFileReference; lastKnownFileType = sourcecode.swift; path = AppDelegate.swift; sourceTree = "<group>"; };
		6E65D2E71A329C2400FEB0B5 /* ViewController.swift */ = {isa = PBXFileReference; lastKnownFileType = sourcecode.swift; path = ViewController.swift; sourceTree = "<group>"; };
		6E65D2E91A329C2400FEB0B5 /* Images.xcassets */ = {isa = PBXFileReference; lastKnownFileType = folder.assetcatalog; path = Images.xcassets; sourceTree = "<group>"; };
		6E65D2EC1A329C2400FEB0B5 /* Base */ = {isa = PBXFileReference; lastKnownFileType = file.storyboard; name = Base; path = Base.lproj/Main.storyboard; sourceTree = "<group>"; };
		6E65D2F21A329C2400FEB0B5 /* PedidoServerTests.xctest */ = {isa = PBXFileReference; explicitFileType = wrapper.cfbundle; includeInIndex = 0; path = PedidoServerTests.xctest; sourceTree = BUILT_PRODUCTS_DIR; };
		6E65D2F71A329C2400FEB0B5 /* Info.plist */ = {isa = PBXFileReference; lastKnownFileType = text.plist.xml; path = Info.plist; sourceTree = "<group>"; };
		6E65D2F81A329C2400FEB0B5 /* PedidoServerTests.swift */ = {isa = PBXFileReference; lastKnownFileType = sourcecode.swift; path = PedidoServerTests.swift; sourceTree = "<group>"; };
/* End PBXFileReference section */

/* Begin PBXFrameworksBuildPhase section */
		6E65D2DD1A329C2400FEB0B5 /* Frameworks */ = {
			isa = PBXFrameworksBuildPhase;
			buildActionMask = 2147483647;
			files = (
			);
			runOnlyForDeploymentPostprocessing = 0;
		};
		6E65D2EF1A329C2400FEB0B5 /* Frameworks */ = {
			isa = PBXFrameworksBuildPhase;
			buildActionMask = 2147483647;
			files = (
			);
			runOnlyForDeploymentPostprocessing = 0;
		};
/* End PBXFrameworksBuildPhase section */

/* Begin PBXGroup section */
		6E28635C1A329D2100F0DD99 /* Products */ = {
			isa = PBXGroup;
			children = (
				6E2863611A329D2100F0DD99 /* PedidoServerDaemon.bundle */,
				6E2863631A329D2100F0DD99 /* PedidoServerDaemon */,
			);
			name = Products;
			sourceTree = "<group>";
		};
		6E65D2D71A329C2400FEB0B5 = {
			isa = PBXGroup;
			children = (
				6E28635B1A329D2100F0DD99 /* PedidoServerDaemon.xcodeproj */,
				6E65D2E21A329C2400FEB0B5 /* PedidoServer */,
				6E65D2F51A329C2400FEB0B5 /* PedidoServerTests */,
				6E65D2E11A329C2400FEB0B5 /* Products */,
			);
			sourceTree = "<group>";
		};
		6E65D2E11A329C2400FEB0B5 /* Products */ = {
			isa = PBXGroup;
			children = (
				6E65D2E01A329C2400FEB0B5 /* PedidoServer.app */,
				6E65D2F21A329C2400FEB0B5 /* PedidoServerTests.xctest */,
			);
			name = Products;
			sourceTree = "<group>";
		};
		6E65D2E21A329C2400FEB0B5 /* PedidoServer */ = {
			isa = PBXGroup;
			children = (
				6E65D2E51A329C2400FEB0B5 /* AppDelegate.swift */,
				6E65D2E71A329C2400FEB0B5 /* ViewController.swift */,
				6E65D2E91A329C2400FEB0B5 /* Images.xcassets */,
				6E65D2EB1A329C2400FEB0B5 /* Main.storyboard */,
				6E65D2E31A329C2400FEB0B5 /* Supporting Files */,
			);
			path = PedidoServer;
			sourceTree = "<group>";
		};
		6E65D2E31A329C2400FEB0B5 /* Supporting Files */ = {
			isa = PBXGroup;
			children = (
				6E28635A1A329C8700F0DD99 /* PedidoServer.entitlements */,
				6E65D2E41A329C2400FEB0B5 /* Info.plist */,
			);
			name = "Supporting Files";
			sourceTree = "<group>";
		};
		6E65D2F51A329C2400FEB0B5 /* PedidoServerTests */ = {
			isa = PBXGroup;
			children = (
				6E65D2F81A329C2400FEB0B5 /* PedidoServerTests.swift */,
				6E65D2F61A329C2400FEB0B5 /* Supporting Files */,
			);
			path = PedidoServerTests;
			sourceTree = "<group>";
		};
		6E65D2F61A329C2400FEB0B5 /* Supporting Files */ = {
			isa = PBXGroup;
			children = (
				6E65D2F71A329C2400FEB0B5 /* Info.plist */,
			);
			name = "Supporting Files";
			sourceTree = "<group>";
		};
/* End PBXGroup section */

/* Begin PBXNativeTarget section */
		6E65D2DF1A329C2400FEB0B5 /* PedidoServer */ = {
			isa = PBXNativeTarget;
			buildConfigurationList = 6E65D2FC1A329C2400FEB0B5 /* Build configuration list for PBXNativeTarget "PedidoServer" */;
			buildPhases = (
				6E65D2DC1A329C2400FEB0B5 /* Sources */,
				6E65D2DD1A329C2400FEB0B5 /* Frameworks */,
				6E65D2DE1A329C2400FEB0B5 /* Resources */,
				6E2863641A329D4100F0DD99 /* CopyFiles */,
			);
			buildRules = (
			);
			dependencies = (
				6E2863671A329D5800F0DD99 /* PBXTargetDependency */,
			);
			name = PedidoServer;
			productName = PedidoServer;
			productReference = 6E65D2E01A329C2400FEB0B5 /* PedidoServer.app */;
			productType = "com.apple.product-type.application";
		};
		6E65D2F11A329C2400FEB0B5 /* PedidoServerTests */ = {
			isa = PBXNativeTarget;
			buildConfigurationList = 6E65D2FF1A329C2400FEB0B5 /* Build configuration list for PBXNativeTarget "PedidoServerTests" */;
			buildPhases = (
				6E65D2EE1A329C2400FEB0B5 /* Sources */,
				6E65D2EF1A329C2400FEB0B5 /* Frameworks */,
				6E65D2F01A329C2400FEB0B5 /* Resources */,
			);
			buildRules = (
			);
			dependencies = (
				6E65D2F41A329C2400FEB0B5 /* PBXTargetDependency */,
			);
			name = PedidoServerTests;
			productName = PedidoServerTests;
			productReference = 6E65D2F21A329C2400FEB0B5 /* PedidoServerTests.xctest */;
			productType = "com.apple.product-type.bundle.unit-test";
		};
/* End PBXNativeTarget section */

/* Begin PBXProject section */
		6E65D2D81A329C2400FEB0B5 /* Project object */ = {
			isa = PBXProject;
			attributes = {
				LastUpgradeCheck = 0610;
				ORGANIZATIONNAME = ColemanCDA;
				TargetAttributes = {
					6E65D2DF1A329C2400FEB0B5 = {
						CreatedOnToolsVersion = 6.1.1;
						SystemCapabilities = {
							com.apple.Sandbox = {
								enabled = 1;
							};
						};
					};
					6E65D2F11A329C2400FEB0B5 = {
						CreatedOnToolsVersion = 6.1.1;
						TestTargetID = 6E65D2DF1A329C2400FEB0B5;
					};
				};
			};
			buildConfigurationList = 6E65D2DB1A329C2400FEB0B5 /* Build configuration list for PBXProject "PedidoServer" */;
			compatibilityVersion = "Xcode 3.2";
			developmentRegion = English;
			hasScannedForEncodings = 0;
			knownRegions = (
				en,
				Base,
			);
			mainGroup = 6E65D2D71A329C2400FEB0B5;
			productRefGroup = 6E65D2E11A329C2400FEB0B5 /* Products */;
			projectDirPath = "";
			projectReferences = (
				{
					ProductGroup = 6E28635C1A329D2100F0DD99 /* Products */;
					ProjectRef = 6E28635B1A329D2100F0DD99 /* PedidoServerDaemon.xcodeproj */;
				},
			);
			projectRoot = "";
			targets = (
				6E65D2DF1A329C2400FEB0B5 /* PedidoServer */,
				6E65D2F11A329C2400FEB0B5 /* PedidoServerTests */,
			);
		};
/* End PBXProject section */

/* Begin PBXReferenceProxy section */
		6E2863611A329D2100F0DD99 /* PedidoServerDaemon.bundle */ = {
			isa = PBXReferenceProxy;
			fileType = wrapper.cfbundle;
			path = PedidoServerDaemon.bundle;
			remoteRef = 6E2863601A329D2100F0DD99 /* PBXContainerItemProxy */;
			sourceTree = BUILT_PRODUCTS_DIR;
		};
		6E2863631A329D2100F0DD99 /* PedidoServerDaemon */ = {
			isa = PBXReferenceProxy;
			fileType = "compiled.mach-o.executable";
			path = PedidoServerDaemon;
			remoteRef = 6E2863621A329D2100F0DD99 /* PBXContainerItemProxy */;
			sourceTree = BUILT_PRODUCTS_DIR;
		};
/* End PBXReferenceProxy section */

/* Begin PBXResourcesBuildPhase section */
		6E65D2DE1A329C2400FEB0B5 /* Resources */ = {
			isa = PBXResourcesBuildPhase;
			buildActionMask = 2147483647;
			files = (
				6E65D2EA1A329C2400FEB0B5 /* Images.xcassets in Resources */,
				6E65D2ED1A329C2400FEB0B5 /* Main.storyboard in Resources */,
			);
			runOnlyForDeploymentPostprocessing = 0;
		};
		6E65D2F01A329C2400FEB0B5 /* Resources */ = {
			isa = PBXResourcesBuildPhase;
			buildActionMask = 2147483647;
			files = (
			);
			runOnlyForDeploymentPostprocessing = 0;
		};
/* End PBXResourcesBuildPhase section */

/* Begin PBXSourcesBuildPhase section */
		6E65D2DC1A329C2400FEB0B5 /* Sources */ = {
			isa = PBXSourcesBuildPhase;
			buildActionMask = 2147483647;
			files = (
				6E65D2E81A329C2400FEB0B5 /* ViewController.swift in Sources */,
				6E65D2E61A329C2400FEB0B5 /* AppDelegate.swift in Sources */,
			);
			runOnlyForDeploymentPostprocessing = 0;
		};
		6E65D2EE1A329C2400FEB0B5 /* Sources */ = {
			isa = PBXSourcesBuildPhase;
			buildActionMask = 2147483647;
			files = (
				6E65D2F91A329C2400FEB0B5 /* PedidoServerTests.swift in Sources */,
			);
			runOnlyForDeploymentPostprocessing = 0;
		};
/* End PBXSourcesBuildPhase section */

/* Begin PBXTargetDependency section */
		6E2863671A329D5800F0DD99 /* PBXTargetDependency */ = {
			isa = PBXTargetDependency;
			name = PedidoServerDaemonBundle;
			targetProxy = 6E2863661A329D5800F0DD99 /* PBXContainerItemProxy */;
		};
		6E65D2F41A329C2400FEB0B5 /* PBXTargetDependency */ = {
			isa = PBXTargetDependency;
			target = 6E65D2DF1A329C2400FEB0B5 /* PedidoServer */;
			targetProxy = 6E65D2F31A329C2400FEB0B5 /* PBXContainerItemProxy */;
		};
/* End PBXTargetDependency section */

/* Begin PBXVariantGroup section */
		6E65D2EB1A329C2400FEB0B5 /* Main.storyboard */ = {
			isa = PBXVariantGroup;
			children = (
				6E65D2EC1A329C2400FEB0B5 /* Base */,
			);
			name = Main.storyboard;
			sourceTree = "<group>";
		};
/* End PBXVariantGroup section */

/* Begin XCBuildConfiguration section */
		6E65D2FA1A329C2400FEB0B5 /* Debug */ = {
			isa = XCBuildConfiguration;
			buildSettings = {
				ALWAYS_SEARCH_USER_PATHS = NO;
				CLANG_CXX_LANGUAGE_STANDARD = "gnu++0x";
				CLANG_CXX_LIBRARY = "libc++";
				CLANG_ENABLE_MODULES = YES;
				CLANG_ENABLE_OBJC_ARC = YES;
				CLANG_WARN_BOOL_CONVERSION = YES;
				CLANG_WARN_CONSTANT_CONVERSION = YES;
				CLANG_WARN_DIRECT_OBJC_ISA_USAGE = YES_ERROR;
				CLANG_WARN_EMPTY_BODY = YES;
				CLANG_WARN_ENUM_CONVERSION = YES;
				CLANG_WARN_INT_CONVERSION = YES;
				CLANG_WARN_OBJC_ROOT_CLASS = YES_ERROR;
				CLANG_WARN_UNREACHABLE_CODE = YES;
				CLANG_WARN__DUPLICATE_METHOD_MATCH = YES;
				CODE_SIGN_IDENTITY = "-";
				COPY_PHASE_STRIP = NO;
				ENABLE_STRICT_OBJC_MSGSEND = YES;
				GCC_C_LANGUAGE_STANDARD = gnu99;
				GCC_DYNAMIC_NO_PIC = NO;
				GCC_OPTIMIZATION_LEVEL = 0;
				GCC_PREPROCESSOR_DEFINITIONS = (
					"DEBUG=1",
					"$(inherited)",
				);
				GCC_SYMBOLS_PRIVATE_EXTERN = NO;
				GCC_WARN_64_TO_32_BIT_CONVERSION = YES;
				GCC_WARN_ABOUT_RETURN_TYPE = YES_ERROR;
				GCC_WARN_UNDECLARED_SELECTOR = YES;
				GCC_WARN_UNINITIALIZED_AUTOS = YES_AGGRESSIVE;
				GCC_WARN_UNUSED_FUNCTION = YES;
				GCC_WARN_UNUSED_VARIABLE = YES;
				MACOSX_DEPLOYMENT_TARGET = 10.10;
				MTL_ENABLE_DEBUG_INFO = YES;
				ONLY_ACTIVE_ARCH = YES;
				SDKROOT = macosx;
				SWIFT_OPTIMIZATION_LEVEL = "-Onone";
			};
			name = Debug;
		};
		6E65D2FB1A329C2400FEB0B5 /* Release */ = {
			isa = XCBuildConfiguration;
			buildSettings = {
				ALWAYS_SEARCH_USER_PATHS = NO;
				CLANG_CXX_LANGUAGE_STANDARD = "gnu++0x";
				CLANG_CXX_LIBRARY = "libc++";
				CLANG_ENABLE_MODULES = YES;
				CLANG_ENABLE_OBJC_ARC = YES;
				CLANG_WARN_BOOL_CONVERSION = YES;
				CLANG_WARN_CONSTANT_CONVERSION = YES;
				CLANG_WARN_DIRECT_OBJC_ISA_USAGE = YES_ERROR;
				CLANG_WARN_EMPTY_BODY = YES;
				CLANG_WARN_ENUM_CONVERSION = YES;
				CLANG_WARN_INT_CONVERSION = YES;
				CLANG_WARN_OBJC_ROOT_CLASS = YES_ERROR;
				CLANG_WARN_UNREACHABLE_CODE = YES;
				CLANG_WARN__DUPLICATE_METHOD_MATCH = YES;
				CODE_SIGN_IDENTITY = "-";
				COPY_PHASE_STRIP = YES;
				DEBUG_INFORMATION_FORMAT = "dwarf-with-dsym";
				ENABLE_NS_ASSERTIONS = NO;
				ENABLE_STRICT_OBJC_MSGSEND = YES;
				GCC_C_LANGUAGE_STANDARD = gnu99;
				GCC_WARN_64_TO_32_BIT_CONVERSION = YES;
				GCC_WARN_ABOUT_RETURN_TYPE = YES_ERROR;
				GCC_WARN_UNDECLARED_SELECTOR = YES;
				GCC_WARN_UNINITIALIZED_AUTOS = YES_AGGRESSIVE;
				GCC_WARN_UNUSED_FUNCTION = YES;
				GCC_WARN_UNUSED_VARIABLE = YES;
				MACOSX_DEPLOYMENT_TARGET = 10.10;
				MTL_ENABLE_DEBUG_INFO = NO;
				SDKROOT = macosx;
			};
			name = Release;
		};
		6E65D2FD1A329C2400FEB0B5 /* Debug */ = {
			isa = XCBuildConfiguration;
			buildSettings = {
				ASSETCATALOG_COMPILER_APPICON_NAME = AppIcon;
				CODE_SIGN_ENTITLEMENTS = PedidoServer/PedidoServer.entitlements;
				COMBINE_HIDPI_IMAGES = YES;
				INFOPLIST_FILE = PedidoServer/Info.plist;
				LD_RUNPATH_SEARCH_PATHS = "$(inherited) @executable_path/../Frameworks";
				PRODUCT_NAME = "$(TARGET_NAME)";
			};
			name = Debug;
		};
		6E65D2FE1A329C2400FEB0B5 /* Release */ = {
			isa = XCBuildConfiguration;
			buildSettings = {
				ASSETCATALOG_COMPILER_APPICON_NAME = AppIcon;
				CODE_SIGN_ENTITLEMENTS = PedidoServer/PedidoServer.entitlements;
				COMBINE_HIDPI_IMAGES = YES;
				INFOPLIST_FILE = PedidoServer/Info.plist;
				LD_RUNPATH_SEARCH_PATHS = "$(inherited) @executable_path/../Frameworks";
				PRODUCT_NAME = "$(TARGET_NAME)";
			};
			name = Release;
		};
		6E65D3001A329C2400FEB0B5 /* Debug */ = {
			isa = XCBuildConfiguration;
			buildSettings = {
				BUNDLE_LOADER = "$(TEST_HOST)";
				COMBINE_HIDPI_IMAGES = YES;
				FRAMEWORK_SEARCH_PATHS = (
					"$(DEVELOPER_FRAMEWORKS_DIR)",
					"$(inherited)",
				);
				GCC_PREPROCESSOR_DEFINITIONS = (
					"DEBUG=1",
					"$(inherited)",
				);
				INFOPLIST_FILE = PedidoServerTests/Info.plist;
				LD_RUNPATH_SEARCH_PATHS = "$(inherited) @executable_path/../Frameworks @loader_path/../Frameworks";
				PRODUCT_NAME = "$(TARGET_NAME)";
				TEST_HOST = "$(BUILT_PRODUCTS_DIR)/PedidoServer.app/Contents/MacOS/PedidoServer";
			};
			name = Debug;
		};
		6E65D3011A329C2400FEB0B5 /* Release */ = {
			isa = XCBuildConfiguration;
			buildSettings = {
				BUNDLE_LOADER = "$(TEST_HOST)";
				COMBINE_HIDPI_IMAGES = YES;
				FRAMEWORK_SEARCH_PATHS = (
					"$(DEVELOPER_FRAMEWORKS_DIR)",
					"$(inherited)",
				);
				INFOPLIST_FILE = PedidoServerTests/Info.plist;
				LD_RUNPATH_SEARCH_PATHS = "$(inherited) @executable_path/../Frameworks @loader_path/../Frameworks";
				PRODUCT_NAME = "$(TARGET_NAME)";
				TEST_HOST = "$(BUILT_PRODUCTS_DIR)/PedidoServer.app/Contents/MacOS/PedidoServer";
			};
			name = Release;
		};
/* End XCBuildConfiguration section */

/* Begin XCConfigurationList section */
		6E65D2DB1A329C2400FEB0B5 /* Build configuration list for PBXProject "PedidoServer" */ = {
			isa = XCConfigurationList;
			buildConfigurations = (
				6E65D2FA1A329C2400FEB0B5 /* Debug */,
				6E65D2FB1A329C2400FEB0B5 /* Release */,
			);
			defaultConfigurationIsVisible = 0;
			defaultConfigurationName = Release;
		};
		6E65D2FC1A329C2400FEB0B5 /* Build configuration list for PBXNativeTarget "PedidoServer" */ = {
			isa = XCConfigurationList;
			buildConfigurations = (
				6E65D2FD1A329C2400FEB0B5 /* Debug */,
				6E65D2FE1A329C2400FEB0B5 /* Release */,
			);
			defaultConfigurationIsVisible = 0;
			defaultConfigurationName = Release;
		};
		6E65D2FF1A329C2400FEB0B5 /* Build configuration list for PBXNativeTarget "PedidoServerTests" */ = {
			isa = XCConfigurationList;
			buildConfigurations = (
				6E65D3001A329C2400FEB0B5 /* Debug */,
				6E65D3011A329C2400FEB0B5 /* Release */,
			);
			defaultConfigurationIsVisible = 0;
			defaultConfigurationName = Release;
		};
/* End XCConfigurationList section */
	};
	rootObject = 6E65D2D81A329C2400FEB0B5 /* Project object */;
}
